{
  "name": "native",
  "lockfileVersion": 3,
  "requires": true,
  "packages": {
    "": {
      "dependencies": {
        "create-expo-app": "^2.0.3",
        "create-react-native": "^1.1.0"
      }
    },
    "node_modules/create-expo-app": {
      "version": "2.0.3",
      "resolved": "https://registry.npmjs.org/create-expo-app/-/create-expo-app-2.0.3.tgz",
      "integrity": "sha512-OYonXHAVAbTfNaotvP0EJ97mEdYcNSLuV9JS0E2Kg1kXd9z4whr1wFOIvt4W9TF84ofAA25eFPgvIvCUze5hEA==",
      "bin": {
        "create-expo-app": "build/index.js"
      }
    },
    "node_modules/create-react-native": {
      "version": "1.1.0",
      "resolved": "https://registry.npmjs.org/create-react-native/-/create-react-native-1.1.0.tgz",
      "integrity": "sha512-dWHvXHdtQBOurruN6B2ZY74bUfKtwIwIKBDn43MGLolnH0gPrD2munDTFidGuuantKh1G3jdvoT0MprCdt9uqQ=="
    }
  }
}
